// !$*UTF8*$!
{
	archiveVersion = 1;
	classes = {
	};
	objectVersion = 46;
	objects = {

/* Begin PBXBuildFile section */
		79A4BE4A2511E2A900BD3334 /* SolverAnimatable.swift in Sources */ = {isa = PBXBuildFile; fileRef = 79A4BE232511E2A800BD3334 /* SolverAnimatable.swift */; };
		79A4BE4B2511E2A900BD3334 /* DecayAnimatable.swift in Sources */ = {isa = PBXBuildFile; fileRef = 79A4BE242511E2A800BD3334 /* DecayAnimatable.swift */; };
		79A4BE4C2511E2A900BD3334 /* Animatable.swift in Sources */ = {isa = PBXBuildFile; fileRef = 79A4BE252511E2A800BD3334 /* Animatable.swift */; };
		79A4BE4D2511E2A900BD3334 /* SpringAnimatable.swift in Sources */ = {isa = PBXBuildFile; fileRef = 79A4BE262511E2A800BD3334 /* SpringAnimatable.swift */; };
		79A4BE4E2511E2A900BD3334 /* CurveAnimatable.swift in Sources */ = {isa = PBXBuildFile; fileRef = 79A4BE272511E2A800BD3334 /* CurveAnimatable.swift */; };
		79A4BE4F2511E2A900BD3334 /* ChainOperator.swift in Sources */ = {isa = PBXBuildFile; fileRef = 79A4BE292511E2A800BD3334 /* ChainOperator.swift */; };
		79A4BE502511E2A900BD3334 /* Vector.swift in Sources */ = {isa = PBXBuildFile; fileRef = 79A4BE2A2511E2A800BD3334 /* Vector.swift */; };
		79A4BE512511E2A900BD3334 /* VectorConvertible.swift in Sources */ = {isa = PBXBuildFile; fileRef = 79A4BE2B2511E2A800BD3334 /* VectorConvertible.swift */; };
		79A4BE522511E2A900BD3334 /* DecaySolver.swift in Sources */ = {isa = PBXBuildFile; fileRef = 79A4BE2D2511E2A800BD3334 /* DecaySolver.swift */; };
		79A4BE532511E2A900BD3334 /* Curve.swift in Sources */ = {isa = PBXBuildFile; fileRef = 79A4BE2E2511E2A800BD3334 /* Curve.swift */; };
		79A4BE542511E2A900BD3334 /* VelocitySmoother.swift in Sources */ = {isa = PBXBuildFile; fileRef = 79A4BE2F2511E2A800BD3334 /* VelocitySmoother.swift */; };
		79A4BE552511E2A900BD3334 /* Solver.swift in Sources */ = {isa = PBXBuildFile; fileRef = 79A4BE302511E2A800BD3334 /* Solver.swift */; };
		79A4BE562511E2A900BD3334 /* CurveSolver.swift in Sources */ = {isa = PBXBuildFile; fileRef = 79A4BE312511E2A800BD3334 /* CurveSolver.swift */; };
		79A4BE572511E2A900BD3334 /* SpringSolver.swift in Sources */ = {isa = PBXBuildFile; fileRef = 79A4BE322511E2A800BD3334 /* SpringSolver.swift */; };
		79A4BE582511E2A900BD3334 /* RK4Solver.swift in Sources */ = {isa = PBXBuildFile; fileRef = 79A4BE332511E2A800BD3334 /* RK4Solver.swift */; };
		79A4BE592511E2A900BD3334 /* DisplayLink.swift in Sources */ = {isa = PBXBuildFile; fileRef = 79A4BE352511E2A800BD3334 /* DisplayLink.swift */; };
		79A4BE5A2511E2A900BD3334 /* Animator.swift in Sources */ = {isa = PBXBuildFile; fileRef = 79A4BE362511E2A800BD3334 /* Animator.swift */; };
		79A4BE5B2511E2A900BD3334 /* UIScrollView+YAAL.swift in Sources */ = {isa = PBXBuildFile; fileRef = 79A4BE382511E2A800BD3334 /* UIScrollView+YAAL.swift */; };
		79A4BE5C2511E2A900BD3334 /* NSObject+YAAL.swift in Sources */ = {isa = PBXBuildFile; fileRef = 79A4BE392511E2A800BD3334 /* NSObject+YAAL.swift */; };
		79A4BE5D2511E2A900BD3334 /* CALayer+YAAL.swift in Sources */ = {isa = PBXBuildFile; fileRef = 79A4BE3A2511E2A900BD3334 /* CALayer+YAAL.swift */; };
		79A4BE5E2511E2A900BD3334 /* UILabel+YAAL.swift in Sources */ = {isa = PBXBuildFile; fileRef = 79A4BE3B2511E2A900BD3334 /* UILabel+YAAL.swift */; };
		79A4BE5F2511E2A900BD3334 /* UIView+YAAL.swift in Sources */ = {isa = PBXBuildFile; fileRef = 79A4BE3C2511E2A900BD3334 /* UIView+YAAL.swift */; };
		79A4BE602511E2A900BD3334 /* YaalCompatible.swift in Sources */ = {isa = PBXBuildFile; fileRef = 79A4BE3D2511E2A900BD3334 /* YaalCompatible.swift */; };
		79A4BE612511E2A900BD3334 /* Announcer.swift in Sources */ = {isa = PBXBuildFile; fileRef = 79A4BE3F2511E2A900BD3334 /* Announcer.swift */; };
		79A4BE622511E2A900BD3334 /* AnimationProperty.swift in Sources */ = {isa = PBXBuildFile; fileRef = 79A4BE402511E2A900BD3334 /* AnimationProperty.swift */; };
		79A4BE642511E2A900BD3334 /* Animation.swift in Sources */ = {isa = PBXBuildFile; fileRef = 79A4BE432511E2A900BD3334 /* Animation.swift */; };
		79A4BE652511E2A900BD3334 /* DecayAnimation.swift in Sources */ = {isa = PBXBuildFile; fileRef = 79A4BE442511E2A900BD3334 /* DecayAnimation.swift */; };
		79A4BE662511E2A900BD3334 /* CurveAnimation.swift in Sources */ = {isa = PBXBuildFile; fileRef = 79A4BE452511E2A900BD3334 /* CurveAnimation.swift */; };
		79A4BE672511E2A900BD3334 /* SolvableAnimation.swift in Sources */ = {isa = PBXBuildFile; fileRef = 79A4BE462511E2A900BD3334 /* SolvableAnimation.swift */; };
		79A4BE682511E2A900BD3334 /* MixAnimation.swift in Sources */ = {isa = PBXBuildFile; fileRef = 79A4BE472511E2A900BD3334 /* MixAnimation.swift */; };
		79A4BE692511E2A900BD3334 /* SpringAnimation.swift in Sources */ = {isa = PBXBuildFile; fileRef = 79A4BE482511E2A900BD3334 /* SpringAnimation.swift */; };
		79A4BE6A2511E2A900BD3334 /* ValueAnimation.swift in Sources */ = {isa = PBXBuildFile; fileRef = 79A4BE492511E2A900BD3334 /* ValueAnimation.swift */; };
		B11C9F5D1E903671004916D1 /* CardViewController.swift in Sources */ = {isa = PBXBuildFile; fileRef = B11C9F5C1E903671004916D1 /* CardViewController.swift */; };
		B1D0B4801E89C479000B0E24 /* AppDelegate.swift in Sources */ = {isa = PBXBuildFile; fileRef = B1D0B47F1E89C479000B0E24 /* AppDelegate.swift */; };
		B1D0B4821E89C479000B0E24 /* GestureViewController.swift in Sources */ = {isa = PBXBuildFile; fileRef = B1D0B4811E89C479000B0E24 /* GestureViewController.swift */; };
		B1D0B4851E89C479000B0E24 /* Main.storyboard in Resources */ = {isa = PBXBuildFile; fileRef = B1D0B4831E89C479000B0E24 /* Main.storyboard */; };
		B1D0B4871E89C479000B0E24 /* Assets.xcassets in Resources */ = {isa = PBXBuildFile; fileRef = B1D0B4861E89C479000B0E24 /* Assets.xcassets */; };
		B1D0B48A1E89C479000B0E24 /* LaunchScreen.storyboard in Resources */ = {isa = PBXBuildFile; fileRef = B1D0B4881E89C479000B0E24 /* LaunchScreen.storyboard */; };
/* End PBXBuildFile section */

/* Begin PBXCopyFilesBuildPhase section */
		B197CE231E8B660F004495AE /* Embed Frameworks */ = {
			isa = PBXCopyFilesBuildPhase;
			buildActionMask = 2147483647;
			dstPath = "";
			dstSubfolderSpec = 10;
			files = (
			);
			name = "Embed Frameworks";
			runOnlyForDeploymentPostprocessing = 0;
		};
/* End PBXCopyFilesBuildPhase section */

/* Begin PBXFileReference section */
		79A4BE232511E2A800BD3334 /* SolverAnimatable.swift */ = {isa = PBXFileReference; fileEncoding = 4; lastKnownFileType = sourcecode.swift; path = SolverAnimatable.swift; sourceTree = "<group>"; };
		79A4BE242511E2A800BD3334 /* DecayAnimatable.swift */ = {isa = PBXFileReference; fileEncoding = 4; lastKnownFileType = sourcecode.swift; path = DecayAnimatable.swift; sourceTree = "<group>"; };
		79A4BE252511E2A800BD3334 /* Animatable.swift */ = {isa = PBXFileReference; fileEncoding = 4; lastKnownFileType = sourcecode.swift; path = Animatable.swift; sourceTree = "<group>"; };
		79A4BE262511E2A800BD3334 /* SpringAnimatable.swift */ = {isa = PBXFileReference; fileEncoding = 4; lastKnownFileType = sourcecode.swift; path = SpringAnimatable.swift; sourceTree = "<group>"; };
		79A4BE272511E2A800BD3334 /* CurveAnimatable.swift */ = {isa = PBXFileReference; fileEncoding = 4; lastKnownFileType = sourcecode.swift; path = CurveAnimatable.swift; sourceTree = "<group>"; };
		79A4BE292511E2A800BD3334 /* ChainOperator.swift */ = {isa = PBXFileReference; fileEncoding = 4; lastKnownFileType = sourcecode.swift; path = ChainOperator.swift; sourceTree = "<group>"; };
		79A4BE2A2511E2A800BD3334 /* Vector.swift */ = {isa = PBXFileReference; fileEncoding = 4; lastKnownFileType = sourcecode.swift; path = Vector.swift; sourceTree = "<group>"; };
		79A4BE2B2511E2A800BD3334 /* VectorConvertible.swift */ = {isa = PBXFileReference; fileEncoding = 4; lastKnownFileType = sourcecode.swift; path = VectorConvertible.swift; sourceTree = "<group>"; };
		79A4BE2D2511E2A800BD3334 /* DecaySolver.swift */ = {isa = PBXFileReference; fileEncoding = 4; lastKnownFileType = sourcecode.swift; path = DecaySolver.swift; sourceTree = "<group>"; };
		79A4BE2E2511E2A800BD3334 /* Curve.swift */ = {isa = PBXFileReference; fileEncoding = 4; lastKnownFileType = sourcecode.swift; path = Curve.swift; sourceTree = "<group>"; };
		79A4BE2F2511E2A800BD3334 /* VelocitySmoother.swift */ = {isa = PBXFileReference; fileEncoding = 4; lastKnownFileType = sourcecode.swift; path = VelocitySmoother.swift; sourceTree = "<group>"; };
		79A4BE302511E2A800BD3334 /* Solver.swift */ = {isa = PBXFileReference; fileEncoding = 4; lastKnownFileType = sourcecode.swift; path = Solver.swift; sourceTree = "<group>"; };
		79A4BE312511E2A800BD3334 /* CurveSolver.swift */ = {isa = PBXFileReference; fileEncoding = 4; lastKnownFileType = sourcecode.swift; path = CurveSolver.swift; sourceTree = "<group>"; };
		79A4BE322511E2A800BD3334 /* SpringSolver.swift */ = {isa = PBXFileReference; fileEncoding = 4; lastKnownFileType = sourcecode.swift; path = SpringSolver.swift; sourceTree = "<group>"; };
		79A4BE332511E2A800BD3334 /* RK4Solver.swift */ = {isa = PBXFileReference; fileEncoding = 4; lastKnownFileType = sourcecode.swift; path = RK4Solver.swift; sourceTree = "<group>"; };
		79A4BE352511E2A800BD3334 /* DisplayLink.swift */ = {isa = PBXFileReference; fileEncoding = 4; lastKnownFileType = sourcecode.swift; path = DisplayLink.swift; sourceTree = "<group>"; };
		79A4BE362511E2A800BD3334 /* Animator.swift */ = {isa = PBXFileReference; fileEncoding = 4; lastKnownFileType = sourcecode.swift; path = Animator.swift; sourceTree = "<group>"; };
		79A4BE382511E2A800BD3334 /* UIScrollView+YAAL.swift */ = {isa = PBXFileReference; fileEncoding = 4; lastKnownFileType = sourcecode.swift; path = "UIScrollView+YAAL.swift"; sourceTree = "<group>"; };
		79A4BE392511E2A800BD3334 /* NSObject+YAAL.swift */ = {isa = PBXFileReference; fileEncoding = 4; lastKnownFileType = sourcecode.swift; path = "NSObject+YAAL.swift"; sourceTree = "<group>"; };
		79A4BE3A2511E2A900BD3334 /* CALayer+YAAL.swift */ = {isa = PBXFileReference; fileEncoding = 4; lastKnownFileType = sourcecode.swift; path = "CALayer+YAAL.swift"; sourceTree = "<group>"; };
		79A4BE3B2511E2A900BD3334 /* UILabel+YAAL.swift */ = {isa = PBXFileReference; fileEncoding = 4; lastKnownFileType = sourcecode.swift; path = "UILabel+YAAL.swift"; sourceTree = "<group>"; };
		79A4BE3C2511E2A900BD3334 /* UIView+YAAL.swift */ = {isa = PBXFileReference; fileEncoding = 4; lastKnownFileType = sourcecode.swift; path = "UIView+YAAL.swift"; sourceTree = "<group>"; };
		79A4BE3D2511E2A900BD3334 /* YaalCompatible.swift */ = {isa = PBXFileReference; fileEncoding = 4; lastKnownFileType = sourcecode.swift; path = YaalCompatible.swift; sourceTree = "<group>"; };
		79A4BE3F2511E2A900BD3334 /* Announcer.swift */ = {isa = PBXFileReference; fileEncoding = 4; lastKnownFileType = sourcecode.swift; path = Announcer.swift; sourceTree = "<group>"; };
		79A4BE402511E2A900BD3334 /* AnimationProperty.swift */ = {isa = PBXFileReference; fileEncoding = 4; lastKnownFileType = sourcecode.swift; path = AnimationProperty.swift; sourceTree = "<group>"; };
		79A4BE432511E2A900BD3334 /* Animation.swift */ = {isa = PBXFileReference; fileEncoding = 4; lastKnownFileType = sourcecode.swift; path = Animation.swift; sourceTree = "<group>"; };
		79A4BE442511E2A900BD3334 /* DecayAnimation.swift */ = {isa = PBXFileReference; fileEncoding = 4; lastKnownFileType = sourcecode.swift; path = DecayAnimation.swift; sourceTree = "<group>"; };
		79A4BE452511E2A900BD3334 /* CurveAnimation.swift */ = {isa = PBXFileReference; fileEncoding = 4; lastKnownFileType = sourcecode.swift; path = CurveAnimation.swift; sourceTree = "<group>"; };
		79A4BE462511E2A900BD3334 /* SolvableAnimation.swift */ = {isa = PBXFileReference; fileEncoding = 4; lastKnownFileType = sourcecode.swift; path = SolvableAnimation.swift; sourceTree = "<group>"; };
		79A4BE472511E2A900BD3334 /* MixAnimation.swift */ = {isa = PBXFileReference; fileEncoding = 4; lastKnownFileType = sourcecode.swift; path = MixAnimation.swift; sourceTree = "<group>"; };
		79A4BE482511E2A900BD3334 /* SpringAnimation.swift */ = {isa = PBXFileReference; fileEncoding = 4; lastKnownFileType = sourcecode.swift; path = SpringAnimation.swift; sourceTree = "<group>"; };
		79A4BE492511E2A900BD3334 /* ValueAnimation.swift */ = {isa = PBXFileReference; fileEncoding = 4; lastKnownFileType = sourcecode.swift; path = ValueAnimation.swift; sourceTree = "<group>"; };
		B11C9F5C1E903671004916D1 /* CardViewController.swift */ = {isa = PBXFileReference; fileEncoding = 4; lastKnownFileType = sourcecode.swift; path = CardViewController.swift; sourceTree = "<group>"; };
		B1D0B47C1E89C479000B0E24 /* Examples.app */ = {isa = PBXFileReference; explicitFileType = wrapper.application; includeInIndex = 0; path = Examples.app; sourceTree = BUILT_PRODUCTS_DIR; };
		B1D0B47F1E89C479000B0E24 /* AppDelegate.swift */ = {isa = PBXFileReference; lastKnownFileType = sourcecode.swift; path = AppDelegate.swift; sourceTree = "<group>"; };
		B1D0B4811E89C479000B0E24 /* GestureViewController.swift */ = {isa = PBXFileReference; lastKnownFileType = sourcecode.swift; path = GestureViewController.swift; sourceTree = "<group>"; };
		B1D0B4841E89C479000B0E24 /* Base */ = {isa = PBXFileReference; lastKnownFileType = file.storyboard; name = Base; path = Base.lproj/Main.storyboard; sourceTree = "<group>"; };
		B1D0B4861E89C479000B0E24 /* Assets.xcassets */ = {isa = PBXFileReference; lastKnownFileType = folder.assetcatalog; path = Assets.xcassets; sourceTree = "<group>"; };
		B1D0B4891E89C479000B0E24 /* Base */ = {isa = PBXFileReference; lastKnownFileType = file.storyboard; name = Base; path = Base.lproj/LaunchScreen.storyboard; sourceTree = "<group>"; };
		B1D0B48B1E89C479000B0E24 /* Info.plist */ = {isa = PBXFileReference; lastKnownFileType = text.plist.xml; path = Info.plist; sourceTree = "<group>"; };
/* End PBXFileReference section */

/* Begin PBXFrameworksBuildPhase section */
		B1D0B4791E89C479000B0E24 /* Frameworks */ = {
			isa = PBXFrameworksBuildPhase;
			buildActionMask = 2147483647;
			files = (
			);
			runOnlyForDeploymentPostprocessing = 0;
		};
/* End PBXFrameworksBuildPhase section */

/* Begin PBXGroup section */
		79A4BE202511E2A800BD3334 /* Sources */ = {
			isa = PBXGroup;
			children = (
				79A4BE212511E2A800BD3334 /* YetAnotherAnimationLibrary */,
			);
			path = Sources;
			sourceTree = "<group>";
		};
		79A4BE212511E2A800BD3334 /* YetAnotherAnimationLibrary */ = {
			isa = PBXGroup;
			children = (
				79A4BE222511E2A800BD3334 /* Animatables */,
				79A4BE282511E2A800BD3334 /* Types & Operators */,
				79A4BE2C2511E2A800BD3334 /* Solvers */,
				79A4BE342511E2A800BD3334 /* Animator */,
				79A4BE372511E2A800BD3334 /* Extensions */,
				79A4BE3D2511E2A900BD3334 /* YaalCompatible.swift */,
				79A4BE3E2511E2A900BD3334 /* AnimationProperty */,
				79A4BE422511E2A900BD3334 /* Animations */,
			);
			path = YetAnotherAnimationLibrary;
			sourceTree = "<group>";
		};
		79A4BE222511E2A800BD3334 /* Animatables */ = {
			isa = PBXGroup;
			children = (
				79A4BE232511E2A800BD3334 /* SolverAnimatable.swift */,
				79A4BE242511E2A800BD3334 /* DecayAnimatable.swift */,
				79A4BE252511E2A800BD3334 /* Animatable.swift */,
				79A4BE262511E2A800BD3334 /* SpringAnimatable.swift */,
				79A4BE272511E2A800BD3334 /* CurveAnimatable.swift */,
			);
			path = Animatables;
			sourceTree = "<group>";
		};
		79A4BE282511E2A800BD3334 /* Types & Operators */ = {
			isa = PBXGroup;
			children = (
				79A4BE292511E2A800BD3334 /* ChainOperator.swift */,
				79A4BE2A2511E2A800BD3334 /* Vector.swift */,
				79A4BE2B2511E2A800BD3334 /* VectorConvertible.swift */,
			);
			path = "Types & Operators";
			sourceTree = "<group>";
		};
		79A4BE2C2511E2A800BD3334 /* Solvers */ = {
			isa = PBXGroup;
			children = (
				79A4BE2D2511E2A800BD3334 /* DecaySolver.swift */,
				79A4BE2E2511E2A800BD3334 /* Curve.swift */,
				79A4BE2F2511E2A800BD3334 /* VelocitySmoother.swift */,
				79A4BE302511E2A800BD3334 /* Solver.swift */,
				79A4BE312511E2A800BD3334 /* CurveSolver.swift */,
				79A4BE322511E2A800BD3334 /* SpringSolver.swift */,
				79A4BE332511E2A800BD3334 /* RK4Solver.swift */,
			);
			path = Solvers;
			sourceTree = "<group>";
		};
		79A4BE342511E2A800BD3334 /* Animator */ = {
			isa = PBXGroup;
			children = (
				79A4BE352511E2A800BD3334 /* DisplayLink.swift */,
				79A4BE362511E2A800BD3334 /* Animator.swift */,
			);
			path = Animator;
			sourceTree = "<group>";
		};
		79A4BE372511E2A800BD3334 /* Extensions */ = {
			isa = PBXGroup;
			children = (
				79A4BE382511E2A800BD3334 /* UIScrollView+YAAL.swift */,
				79A4BE392511E2A800BD3334 /* NSObject+YAAL.swift */,
				79A4BE3A2511E2A900BD3334 /* CALayer+YAAL.swift */,
				79A4BE3B2511E2A900BD3334 /* UILabel+YAAL.swift */,
				79A4BE3C2511E2A900BD3334 /* UIView+YAAL.swift */,
			);
			path = Extensions;
			sourceTree = "<group>";
		};
		79A4BE3E2511E2A900BD3334 /* AnimationProperty */ = {
			isa = PBXGroup;
			children = (
				79A4BE3F2511E2A900BD3334 /* Announcer.swift */,
				79A4BE402511E2A900BD3334 /* AnimationProperty.swift */,
			);
			path = AnimationProperty;
			sourceTree = "<group>";
		};
		79A4BE422511E2A900BD3334 /* Animations */ = {
			isa = PBXGroup;
			children = (
				79A4BE432511E2A900BD3334 /* Animation.swift */,
				79A4BE442511E2A900BD3334 /* DecayAnimation.swift */,
				79A4BE452511E2A900BD3334 /* CurveAnimation.swift */,
				79A4BE462511E2A900BD3334 /* SolvableAnimation.swift */,
				79A4BE472511E2A900BD3334 /* MixAnimation.swift */,
				79A4BE482511E2A900BD3334 /* SpringAnimation.swift */,
				79A4BE492511E2A900BD3334 /* ValueAnimation.swift */,
			);
			path = Animations;
			sourceTree = "<group>";
		};
		B1D0B4731E89C479000B0E24 = {
			isa = PBXGroup;
			children = (
				79A4BE202511E2A800BD3334 /* Sources */,
				B1D0B47E1E89C479000B0E24 /* Examples */,
				B1D0B47D1E89C479000B0E24 /* Products */,
			);
			indentWidth = 4;
			sourceTree = "<group>";
			tabWidth = 4;
		};
		B1D0B47D1E89C479000B0E24 /* Products */ = {
			isa = PBXGroup;
			children = (
				B1D0B47C1E89C479000B0E24 /* Examples.app */,
			);
			name = Products;
			sourceTree = "<group>";
		};
		B1D0B47E1E89C479000B0E24 /* Examples */ = {
			isa = PBXGroup;
			children = (
				B1F346241E999371002E15D7 /* Supporting Files */,
				B11C9F5C1E903671004916D1 /* CardViewController.swift */,
				B1D0B4811E89C479000B0E24 /* GestureViewController.swift */,
			);
			path = Examples;
			sourceTree = "<group>";
		};
		B1F346241E999371002E15D7 /* Supporting Files */ = {
			isa = PBXGroup;
			children = (
				B1D0B47F1E89C479000B0E24 /* AppDelegate.swift */,
				B1D0B4861E89C479000B0E24 /* Assets.xcassets */,
				B1D0B48B1E89C479000B0E24 /* Info.plist */,
				B1D0B4881E89C479000B0E24 /* LaunchScreen.storyboard */,
				B1D0B4831E89C479000B0E24 /* Main.storyboard */,
			);
			path = "Supporting Files";
			sourceTree = "<group>";
		};
/* End PBXGroup section */

/* Begin PBXNativeTarget section */
		B1D0B47B1E89C479000B0E24 /* Examples */ = {
			isa = PBXNativeTarget;
			buildConfigurationList = B1D0B48E1E89C479000B0E24 /* Build configuration list for PBXNativeTarget "Examples" */;
			buildPhases = (
				B1D0B4781E89C479000B0E24 /* Sources */,
				B1D0B4791E89C479000B0E24 /* Frameworks */,
				B1D0B47A1E89C479000B0E24 /* Resources */,
				B197CE231E8B660F004495AE /* Embed Frameworks */,
			);
			buildRules = (
			);
			dependencies = (
			);
			name = Examples;
			productName = SpringAnimator;
			productReference = B1D0B47C1E89C479000B0E24 /* Examples.app */;
			productType = "com.apple.product-type.application";
		};
/* End PBXNativeTarget section */

/* Begin PBXProject section */
		B1D0B4741E89C479000B0E24 /* Project object */ = {
			isa = PBXProject;
			attributes = {
				LastSwiftUpdateCheck = 0820;
				LastUpgradeCheck = 1020;
				ORGANIZATIONNAME = "Luke Zhao";
				TargetAttributes = {
					B1D0B47B1E89C479000B0E24 = {
						CreatedOnToolsVersion = 8.2;
						DevelopmentTeam = 4VSEW78TKT;
						LastSwiftMigration = 1020;
						ProvisioningStyle = Automatic;
					};
				};
			};
			buildConfigurationList = B1D0B4771E89C479000B0E24 /* Build configuration list for PBXProject "YetAnotherAnimationLibrary" */;
			compatibilityVersion = "Xcode 3.2";
			developmentRegion = en;
			hasScannedForEncodings = 0;
			knownRegions = (
				en,
				Base,
			);
			mainGroup = B1D0B4731E89C479000B0E24;
			productRefGroup = B1D0B47D1E89C479000B0E24 /* Products */;
			projectDirPath = "";
			projectRoot = "";
			targets = (
				B1D0B47B1E89C479000B0E24 /* Examples */,
			);
		};
/* End PBXProject section */

/* Begin PBXResourcesBuildPhase section */
		B1D0B47A1E89C479000B0E24 /* Resources */ = {
			isa = PBXResourcesBuildPhase;
			buildActionMask = 2147483647;
			files = (
				B1D0B48A1E89C479000B0E24 /* LaunchScreen.storyboard in Resources */,
				B1D0B4871E89C479000B0E24 /* Assets.xcassets in Resources */,
				B1D0B4851E89C479000B0E24 /* Main.storyboard in Resources */,
			);
			runOnlyForDeploymentPostprocessing = 0;
		};
/* End PBXResourcesBuildPhase section */

/* Begin PBXSourcesBuildPhase section */
		B1D0B4781E89C479000B0E24 /* Sources */ = {
			isa = PBXSourcesBuildPhase;
			buildActionMask = 2147483647;
			files = (
				79A4BE5A2511E2A900BD3334 /* Animator.swift in Sources */,
				79A4BE692511E2A900BD3334 /* SpringAnimation.swift in Sources */,
				B1D0B4821E89C479000B0E24 /* GestureViewController.swift in Sources */,
				79A4BE532511E2A900BD3334 /* Curve.swift in Sources */,
				79A4BE652511E2A900BD3334 /* DecayAnimation.swift in Sources */,
				79A4BE522511E2A900BD3334 /* DecaySolver.swift in Sources */,
				79A4BE4C2511E2A900BD3334 /* Animatable.swift in Sources */,
				79A4BE5E2511E2A900BD3334 /* UILabel+YAAL.swift in Sources */,
				79A4BE612511E2A900BD3334 /* Announcer.swift in Sources */,
				79A4BE622511E2A900BD3334 /* AnimationProperty.swift in Sources */,
				79A4BE502511E2A900BD3334 /* Vector.swift in Sources */,
				79A4BE672511E2A900BD3334 /* SolvableAnimation.swift in Sources */,
				79A4BE5F2511E2A900BD3334 /* UIView+YAAL.swift in Sources */,
				79A4BE552511E2A900BD3334 /* Solver.swift in Sources */,
				79A4BE662511E2A900BD3334 /* CurveAnimation.swift in Sources */,
				79A4BE4F2511E2A900BD3334 /* ChainOperator.swift in Sources */,
				79A4BE5C2511E2A900BD3334 /* NSObject+YAAL.swift in Sources */,
				79A4BE4B2511E2A900BD3334 /* DecayAnimatable.swift in Sources */,
				79A4BE682511E2A900BD3334 /* MixAnimation.swift in Sources */,
				79A4BE5D2511E2A900BD3334 /* CALayer+YAAL.swift in Sources */,
				79A4BE582511E2A900BD3334 /* RK4Solver.swift in Sources */,
				79A4BE602511E2A900BD3334 /* YaalCompatible.swift in Sources */,
				79A4BE572511E2A900BD3334 /* SpringSolver.swift in Sources */,
				79A4BE5B2511E2A900BD3334 /* UIScrollView+YAAL.swift in Sources */,
				79A4BE4E2511E2A900BD3334 /* CurveAnimatable.swift in Sources */,
				79A4BE642511E2A900BD3334 /* Animation.swift in Sources */,
				79A4BE592511E2A900BD3334 /* DisplayLink.swift in Sources */,
				79A4BE512511E2A900BD3334 /* VectorConvertible.swift in Sources */,
				79A4BE542511E2A900BD3334 /* VelocitySmoother.swift in Sources */,
				79A4BE4D2511E2A900BD3334 /* SpringAnimatable.swift in Sources */,
				79A4BE562511E2A900BD3334 /* CurveSolver.swift in Sources */,
				B11C9F5D1E903671004916D1 /* CardViewController.swift in Sources */,
				79A4BE4A2511E2A900BD3334 /* SolverAnimatable.swift in Sources */,
				79A4BE6A2511E2A900BD3334 /* ValueAnimation.swift in Sources */,
				B1D0B4801E89C479000B0E24 /* AppDelegate.swift in Sources */,
			);
			runOnlyForDeploymentPostprocessing = 0;
		};
/* End PBXSourcesBuildPhase section */

/* Begin PBXVariantGroup section */
		B1D0B4831E89C479000B0E24 /* Main.storyboard */ = {
			isa = PBXVariantGroup;
			children = (
				B1D0B4841E89C479000B0E24 /* Base */,
			);
			name = Main.storyboard;
			path = .;
			sourceTree = "<group>";
		};
		B1D0B4881E89C479000B0E24 /* LaunchScreen.storyboard */ = {
			isa = PBXVariantGroup;
			children = (
				B1D0B4891E89C479000B0E24 /* Base */,
			);
			name = LaunchScreen.storyboard;
			path = .;
			sourceTree = "<group>";
		};
/* End PBXVariantGroup section */

/* Begin XCBuildConfiguration section */
		B1D0B48C1E89C479000B0E24 /* Debug */ = {
			isa = XCBuildConfiguration;
			buildSettings = {
				ALWAYS_SEARCH_USER_PATHS = NO;
				CLANG_ANALYZER_LOCALIZABILITY_NONLOCALIZED = YES;
				CLANG_ANALYZER_NONNULL = YES;
				CLANG_CXX_LANGUAGE_STANDARD = "gnu++0x";
				CLANG_CXX_LIBRARY = "libc++";
				CLANG_ENABLE_MODULES = YES;
				CLANG_ENABLE_OBJC_ARC = YES;
				CLANG_WARN_BLOCK_CAPTURE_AUTORELEASING = YES;
				CLANG_WARN_BOOL_CONVERSION = YES;
				CLANG_WARN_COMMA = YES;
				CLANG_WARN_CONSTANT_CONVERSION = YES;
				CLANG_WARN_DEPRECATED_OBJC_IMPLEMENTATIONS = YES;
				CLANG_WARN_DIRECT_OBJC_ISA_USAGE = YES_ERROR;
				CLANG_WARN_DOCUMENTATION_COMMENTS = YES;
				CLANG_WARN_EMPTY_BODY = YES;
				CLANG_WARN_ENUM_CONVERSION = YES;
				CLANG_WARN_INFINITE_RECURSION = YES;
				CLANG_WARN_INT_CONVERSION = YES;
				CLANG_WARN_NON_LITERAL_NULL_CONVERSION = YES;
				CLANG_WARN_OBJC_IMPLICIT_RETAIN_SELF = YES;
				CLANG_WARN_OBJC_LITERAL_CONVERSION = YES;
				CLANG_WARN_OBJC_ROOT_CLASS = YES_ERROR;
				CLANG_WARN_RANGE_LOOP_ANALYSIS = YES;
				CLANG_WARN_STRICT_PROTOTYPES = YES;
				CLANG_WARN_SUSPICIOUS_MOVE = YES;
				CLANG_WARN_UNREACHABLE_CODE = YES;
				CLANG_WARN__DUPLICATE_METHOD_MATCH = YES;
				"CODE_SIGN_IDENTITY[sdk=iphoneos*]" = "iPhone Developer";
				COPY_PHASE_STRIP = NO;
				DEBUG_INFORMATION_FORMAT = dwarf;
				ENABLE_STRICT_OBJC_MSGSEND = YES;
				ENABLE_TESTABILITY = YES;
				GCC_C_LANGUAGE_STANDARD = gnu99;
				GCC_DYNAMIC_NO_PIC = NO;
				GCC_NO_COMMON_BLOCKS = YES;
				GCC_OPTIMIZATION_LEVEL = 0;
				GCC_PREPROCESSOR_DEFINITIONS = (
					"DEBUG=1",
					"$(inherited)",
				);
				GCC_WARN_64_TO_32_BIT_CONVERSION = YES;
				GCC_WARN_ABOUT_RETURN_TYPE = YES_ERROR;
				GCC_WARN_UNDECLARED_SELECTOR = YES;
				GCC_WARN_UNINITIALIZED_AUTOS = YES_AGGRESSIVE;
				GCC_WARN_UNUSED_FUNCTION = YES;
				GCC_WARN_UNUSED_VARIABLE = YES;
				IPHONEOS_DEPLOYMENT_TARGET = 8.0;
				MTL_ENABLE_DEBUG_INFO = YES;
				ONLY_ACTIVE_ARCH = YES;
				SDKROOT = iphoneos;
				SWIFT_ACTIVE_COMPILATION_CONDITIONS = DEBUG;
				SWIFT_OPTIMIZATION_LEVEL = "-Onone";
				SWIFT_SWIFT3_OBJC_INFERENCE = Off;
				TARGETED_DEVICE_FAMILY = "1,2";
			};
			name = Debug;
		};
		B1D0B48D1E89C479000B0E24 /* Release */ = {
			isa = XCBuildConfiguration;
			buildSettings = {
				ALWAYS_SEARCH_USER_PATHS = NO;
				CLANG_ANALYZER_LOCALIZABILITY_NONLOCALIZED = YES;
				CLANG_ANALYZER_NONNULL = YES;
				CLANG_CXX_LANGUAGE_STANDARD = "gnu++0x";
				CLANG_CXX_LIBRARY = "libc++";
				CLANG_ENABLE_MODULES = YES;
				CLANG_ENABLE_OBJC_ARC = YES;
				CLANG_WARN_BLOCK_CAPTURE_AUTORELEASING = YES;
				CLANG_WARN_BOOL_CONVERSION = YES;
				CLANG_WARN_COMMA = YES;
				CLANG_WARN_CONSTANT_CONVERSION = YES;
				CLANG_WARN_DEPRECATED_OBJC_IMPLEMENTATIONS = YES;
				CLANG_WARN_DIRECT_OBJC_ISA_USAGE = YES_ERROR;
				CLANG_WARN_DOCUMENTATION_COMMENTS = YES;
				CLANG_WARN_EMPTY_BODY = YES;
				CLANG_WARN_ENUM_CONVERSION = YES;
				CLANG_WARN_INFINITE_RECURSION = YES;
				CLANG_WARN_INT_CONVERSION = YES;
				CLANG_WARN_NON_LITERAL_NULL_CONVERSION = YES;
				CLANG_WARN_OBJC_IMPLICIT_RETAIN_SELF = YES;
				CLANG_WARN_OBJC_LITERAL_CONVERSION = YES;
				CLANG_WARN_OBJC_ROOT_CLASS = YES_ERROR;
				CLANG_WARN_RANGE_LOOP_ANALYSIS = YES;
				CLANG_WARN_STRICT_PROTOTYPES = YES;
				CLANG_WARN_SUSPICIOUS_MOVE = YES;
				CLANG_WARN_UNREACHABLE_CODE = YES;
				CLANG_WARN__DUPLICATE_METHOD_MATCH = YES;
				"CODE_SIGN_IDENTITY[sdk=iphoneos*]" = "iPhone Developer";
				COPY_PHASE_STRIP = NO;
				DEBUG_INFORMATION_FORMAT = "dwarf-with-dsym";
				ENABLE_NS_ASSERTIONS = NO;
				ENABLE_STRICT_OBJC_MSGSEND = YES;
				GCC_C_LANGUAGE_STANDARD = gnu99;
				GCC_NO_COMMON_BLOCKS = YES;
				GCC_WARN_64_TO_32_BIT_CONVERSION = YES;
				GCC_WARN_ABOUT_RETURN_TYPE = YES_ERROR;
				GCC_WARN_UNDECLARED_SELECTOR = YES;
				GCC_WARN_UNINITIALIZED_AUTOS = YES_AGGRESSIVE;
				GCC_WARN_UNUSED_FUNCTION = YES;
				GCC_WARN_UNUSED_VARIABLE = YES;
				IPHONEOS_DEPLOYMENT_TARGET = 8.0;
				MTL_ENABLE_DEBUG_INFO = NO;
				SDKROOT = iphoneos;
				SWIFT_OPTIMIZATION_LEVEL = "-Owholemodule";
				SWIFT_SWIFT3_OBJC_INFERENCE = Off;
				TARGETED_DEVICE_FAMILY = "1,2";
				VALIDATE_PRODUCT = YES;
			};
			name = Release;
		};
		B1D0B48F1E89C479000B0E24 /* Debug */ = {
			isa = XCBuildConfiguration;
			buildSettings = {
				ASSETCATALOG_COMPILER_APPICON_NAME = AppIcon;
				CLANG_ENABLE_MODULES = YES;
				DEFINES_MODULE = YES;
				DEVELOPMENT_TEAM = 4VSEW78TKT;
				INFOPLIST_FILE = "Examples/Supporting Files/Info.plist";
				IPHONEOS_DEPLOYMENT_TARGET = 8.0;
				LD_RUNPATH_SEARCH_PATHS = "$(inherited) @executable_path/Frameworks";
				PRODUCT_BUNDLE_IDENTIFIER = com.lkzhao.YetAnotherAnimationLibraryExamples;
				PRODUCT_NAME = "$(TARGET_NAME)";
				SWIFT_INSTALL_OBJC_HEADER = NO;
				SWIFT_OBJC_BRIDGING_HEADER = "";
				SWIFT_VERSION = 5.0;
			};
			name = Debug;
		};
		B1D0B4901E89C479000B0E24 /* Release */ = {
			isa = XCBuildConfiguration;
			buildSettings = {
				ASSETCATALOG_COMPILER_APPICON_NAME = AppIcon;
				CLANG_ENABLE_MODULES = YES;
				DEFINES_MODULE = YES;
				DEVELOPMENT_TEAM = 4VSEW78TKT;
				INFOPLIST_FILE = "Examples/Supporting Files/Info.plist";
				IPHONEOS_DEPLOYMENT_TARGET = 8.0;
				LD_RUNPATH_SEARCH_PATHS = "$(inherited) @executable_path/Frameworks";
				PRODUCT_BUNDLE_IDENTIFIER = com.lkzhao.YetAnotherAnimationLibraryExamples;
				PRODUCT_NAME = "$(TARGET_NAME)";
				SWIFT_INSTALL_OBJC_HEADER = NO;
				SWIFT_OBJC_BRIDGING_HEADER = "";
				SWIFT_VERSION = 5.0;
			};
			name = Release;
		};
/* End XCBuildConfiguration section */

/* Begin XCConfigurationList section */
		B1D0B4771E89C479000B0E24 /* Build configuration list for PBXProject "YetAnotherAnimationLibrary" */ = {
			isa = XCConfigurationList;
			buildConfigurations = (
				B1D0B48C1E89C479000B0E24 /* Debug */,
				B1D0B48D1E89C479000B0E24 /* Release */,
			);
			defaultConfigurationIsVisible = 0;
			defaultConfigurationName = Release;
		};
		B1D0B48E1E89C479000B0E24 /* Build configuration list for PBXNativeTarget "Examples" */ = {
			isa = XCConfigurationList;
			buildConfigurations = (
				B1D0B48F1E89C479000B0E24 /* Debug */,
				B1D0B4901E89C479000B0E24 /* Release */,
			);
			defaultConfigurationIsVisible = 0;
			defaultConfigurationName = Release;
		};
/* End XCConfigurationList section */
	};
	rootObject = B1D0B4741E89C479000B0E24 /* Project object */;
}
